{
  "name": "sensors_hub",
  "version": "0.0.0",
  "lockfileVersion": 1,
  "requires": true,
  "dependencies": {
    "@uirouter/angularjs": {
      "version": "1.0.7",
      "resolved": "https://registry.npmjs.org/@uirouter/angularjs/-/angularjs-1.0.7.tgz",
      "integrity": "sha512-R3s+Dn3fO/v282CKUzRzpL7KUAR3AVpoL0hTCTugxOFDTvM6nOo6V2cBg5HWE3YnHKboSEGWhQYHv2/kNR67oA==",
      "requires": {
        "@uirouter/core": "5.0.8"
      }
    },
    "@uirouter/core": {
      "version": "5.0.8",
      "resolved": "https://registry.npmjs.org/@uirouter/core/-/core-5.0.8.tgz",
      "integrity": "sha512-5Xb+hIAH0rqlRjZU4o2IorMRheIZdxOFsflTzWMzsM+d3ri/ManPe84ACl0qEovfKqY4aXXy8Gz8m7D4D5S+rw=="
    },
    "angular": {
      "version": "1.7.4",
      "resolved": "https://registry.npmjs.org/angular/-/angular-1.7.4.tgz",
      "integrity": "sha512-nYTWc9CpZjTY57l8EA1+DGpQNzI6HewQ34bfRYoGXBYysIoPYjfcgTGWC+Vl3AaeCnhAb3VTkysVESvCBpUIoA=="
    },
    "angular-animate": {
      "version": "1.7.4",
      "resolved": "https://registry.npmjs.org/angular-animate/-/angular-animate-1.7.4.tgz",
      "integrity": "sha512-9IzpAd39tzV6CL/kfNpkGFpVLHagHq8XpuCmPy+BfqwxzZOkCnSNtIJA0dfO0nKXg7j9UYGapboQeSuv+creSQ=="
    },
    "angular-resource": {
      "version": "1.7.4",
      "resolved": "https://registry.npmjs.org/angular-resource/-/angular-resource-1.7.4.tgz",
      "integrity": "sha512-55cp37sqUmEmgNvFOpzB3mCML1MHNxq0feBG7pSmwhRnwFR0+cWarsCeEQ1jN3hwTTtAqvS/uaPnzbYRg3kZYg=="
    },
    "angular-route": {
      "version": "1.7.4",
      "resolved": "https://registry.npmjs.org/angular-route/-/angular-route-1.7.4.tgz",
      "integrity": "sha512-z7HjNixxCdU7Th12jeXS/MS9QV320AVIOHmZ39guXZMJY4fR3defC/uyzhJyEiiw2ySXfg/PWjWdterw82CVig=="
    },
    "angular-sanitize": {
      "version": "1.7.4",
      "resolved": "https://registry.npmjs.org/angular-sanitize/-/angular-sanitize-1.7.4.tgz",
      "integrity": "sha512-i5NoK6lo21N/CDRtkXpUuqaXeyncP7icLNCGzCUCD6CQvfVh3nY9Nsiw+tHtiIeD34ppcbl5Wb6ihY7RKDoDVw=="
    },
    "async": {
      "version": "2.6.1",
      "resolved": "https://registry.npmjs.org/async/-/async-2.6.1.tgz",
      "integrity": "sha512-fNEiL2+AZt6AlAw/29Cr0UDe4sRAHCpEHh54WMz+Bb7QfNcFw4h3loofyJpLeQs4Yx7yuqu/2dLgM5hKOs6HlQ==",
      "requires": {
        "lodash": "4.17.10"
      }
    },
    "bootstrap": {
      "version": "4.1.3",
      "resolved": "https://registry.npmjs.org/bootstrap/-/bootstrap-4.1.3.tgz",
      "integrity": "sha512-rDFIzgXcof0jDyjNosjv4Sno77X4KuPeFxG2XZZv1/Kc8DRVGVADdoQyyOVDwPqL36DDmtCQbrpMCqvpPLJQ0w=="
    },
    "highcharts": {
      "version": "6.1.3",
      "resolved": "https://registry.npmjs.org/highcharts/-/highcharts-6.1.3.tgz",
      "integrity": "sha512-f6Srq0KRRi31jJrmwDmFBAI3P5t5khhBoQXU91UrfqKEVVGxUYi0Gu3e14pIXKmrYkJDYTUwxC1alhLs2u3LkA=="
    },
    "jquery": {
      "version": "3.3.1",
      "resolved": "https://registry.npmjs.org/jquery/-/jquery-3.3.1.tgz",
      "integrity": "sha512-Ubldcmxp5np52/ENotGxlLe6aGMvmF4R8S6tZjsP6Knsaxd/xp3Zrh50cG93lR6nPXyUFwzN3ZSOQI0wRJNdGg=="
    },
    "lodash": {
      "version": "4.17.10",
      "resolved": "https://registry.npmjs.org/lodash/-/lodash-4.17.10.tgz",
      "integrity": "sha512-UejweD1pDoXu+AD825lWwp4ZGtSwgnpZxb3JDViD7StjQz+Nb/6l093lx4OQ0foGWNRoc19mWy7BzL+UAK2iVg=="
    },
    "material-icons": {
      "version": "0.2.3",
      "resolved": "https://registry.npmjs.org/material-icons/-/material-icons-0.2.3.tgz",
      "integrity": "sha512-1Q5wp4aeGWjE5POMtdLmqJn94QM7vmUCeJhNO5m0oDrtW1jfWlaLK73vF3C7/fuMD7NIVicyK8TSkwd+diFgaQ=="
    },
    "ngstorage": {
      "version": "0.3.11",
      "resolved": "https://registry.npmjs.org/ngstorage/-/ngstorage-0.3.11.tgz",
      "integrity": "sha1-FjfEW4ctkJ2cx+GLN0iY1QsuhE8="
    }
  }
}
