{
  "name": "sensors_hub",
  "version": "0.0.0",
  "lockfileVersion": 1,
  "requires": true,
  "dependencies": {
    "@uirouter/angularjs": {
      "version": "1.0.19",
      "resolved": "https://registry.npmjs.org/@uirouter/angularjs/-/angularjs-1.0.19.tgz",
      "integrity": "sha512-O+M3CB4en9OPMKqSrMC6hZsuMbtttYpGlALZoqAYqUmqdw1CJ5WBnuj7s/40svhZG338SfqxXN/Y2uKh5x+gPQ==",
      "requires": {
        "@uirouter/core": "5.0.20"
      }
    },
    "@uirouter/core": {
      "version": "5.0.20",
      "resolved": "https://registry.npmjs.org/@uirouter/core/-/core-5.0.20.tgz",
      "integrity": "sha512-7MwtORbMF0UFCgMb+KcBAx+7EsYn/6sP5mEAjLNQq14AkHOJom5pPRE0N3nxduFbK3V2TXfsOX2UjtbkuXql+A=="
    },
    "angular": {
      "version": "1.7.2",
      "resolved": "https://registry.npmjs.org/angular/-/angular-1.7.2.tgz",
      "integrity": "sha512-JcKKJbBdybUsmQ6x1M3xWyTYQ/ioVKJhSByEAjqrhmlOfvMFdhfMqAx5KIo8rLGk4DFolYPcCSgssjgTVjCtRQ=="
    },
    "angular-resource": {
      "version": "1.7.2",
      "resolved": "https://registry.npmjs.org/angular-resource/-/angular-resource-1.7.2.tgz",
      "integrity": "sha512-AEjn7DpRoXum49uYbUVr0fl9ZigjE6U3PwouclmNjCrspRzcal8UI8kaqqhFJFu+ZW5e5QdBY28BVfdW0pYmpA=="
    },
    "async": {
      "version": "2.6.1",
      "resolved": "https://registry.npmjs.org/async/-/async-2.6.1.tgz",
      "integrity": "sha512-fNEiL2+AZt6AlAw/29Cr0UDe4sRAHCpEHh54WMz+Bb7QfNcFw4h3loofyJpLeQs4Yx7yuqu/2dLgM5hKOs6HlQ==",
      "requires": {
        "lodash": "4.17.10"
      }
    },
    "lodash": {
      "version": "4.17.10",
      "resolved": "https://registry.npmjs.org/lodash/-/lodash-4.17.10.tgz",
      "integrity": "sha512-UejweD1pDoXu+AD825lWwp4ZGtSwgnpZxb3JDViD7StjQz+Nb/6l093lx4OQ0foGWNRoc19mWy7BzL+UAK2iVg=="
    }
  }
}
